
Microsoft Visual Studio Solution File, Format Version 12.00
# Visual Studio Version 17
VisualStudioVersion = 17.8.34330.188
MinimumVisualStudioVersion = 10.0.40219.1
Project("{FAE04EC0-301F-11D3-BF4B-00C04F79EFBC}") = "Application", "Application\Application.csproj", "{39FE0D0D-0EDD-4A8F-8DA5-6AB23819CC85}"
EndProject
Project("{FAE04EC0-301F-11D3-BF4B-00C04F79EFBC}") = "Domain", "Domain\Domain.csproj", "{9D16BE71-8F53-48D0-BD42-9751F2C6F283}"
EndProject
Project("{FAE04EC0-301F-11D3-BF4B-00C04F79EFBC}") = "Persistance", "Persistance\Persistance.csproj", "{00036F09-F5EC-40B8-B9FC-C965E800B4F3}"
EndProject
Project("{FAE04EC0-301F-11D3-BF4B-00C04F79EFBC}") = "Infrastructure", "Infrastructure\Infrastructure.csproj", "{15F2A746-70CF-4E2C-999E-AF533A6E11B2}"
EndProject
Project("{FAE04EC0-301F-11D3-BF4B-00C04F79EFBC}") = "WebApi", "WebApi\WebApi.csproj", "{5E55A327-1784-452F-AF2B-9704074D6DCA}"
EndProject
Global
	GlobalSection(SolutionConfigurationPlatforms) = preSolution
		Debug|Any CPU = Debug|Any CPU
		Release|Any CPU = Release|Any CPU
	EndGlobalSection
	GlobalSection(ProjectConfigurationPlatforms) = postSolution
		{39FE0D0D-0EDD-4A8F-8DA5-6AB23819CC85}.Debug|Any CPU.ActiveCfg = Debug|Any CPU
		{39FE0D0D-0EDD-4A8F-8DA5-6AB23819CC85}.Debug|Any CPU.Build.0 = Debug|Any CPU
		{39FE0D0D-0EDD-4A8F-8DA5-6AB23819CC85}.Release|Any CPU.ActiveCfg = Release|Any CPU
		{39FE0D0D-0EDD-4A8F-8DA5-6AB23819CC85}.Release|Any CPU.Build.0 = Release|Any CPU
		{9D16BE71-8F53-48D0-BD42-9751F2C6F283}.Debug|Any CPU.ActiveCfg = Debug|Any CPU
		{9D16BE71-8F53-48D0-BD42-9751F2C6F283}.Debug|Any CPU.Build.0 = Debug|Any CPU
		{9D16BE71-8F53-48D0-BD42-9751F2C6F283}.Release|Any CPU.ActiveCfg = Release|Any CPU
		{9D16BE71-8F53-48D0-BD42-9751F2C6F283}.Release|Any CPU.Build.0 = Release|Any CPU
		{00036F09-F5EC-40B8-B9FC-C965E800B4F3}.Debug|Any CPU.ActiveCfg = Debug|Any CPU
		{00036F09-F5EC-40B8-B9FC-C965E800B4F3}.Debug|Any CPU.Build.0 = Debug|Any CPU
		{00036F09-F5EC-40B8-B9FC-C965E800B4F3}.Release|Any CPU.ActiveCfg = Release|Any CPU
		{00036F09-F5EC-40B8-B9FC-C965E800B4F3}.Release|Any CPU.Build.0 = Release|Any CPU
		{15F2A746-70CF-4E2C-999E-AF533A6E11B2}.Debug|Any CPU.ActiveCfg = Debug|Any CPU
		{15F2A746-70CF-4E2C-999E-AF533A6E11B2}.Debug|Any CPU.Build.0 = Debug|Any CPU
		{15F2A746-70CF-4E2C-999E-AF533A6E11B2}.Release|Any CPU.ActiveCfg = Release|Any CPU
		{15F2A746-70CF-4E2C-999E-AF533A6E11B2}.Release|Any CPU.Build.0 = Release|Any CPU
		{5E55A327-1784-452F-AF2B-9704074D6DCA}.Debug|Any CPU.ActiveCfg = Debug|Any CPU
		{5E55A327-1784-452F-AF2B-9704074D6DCA}.Debug|Any CPU.Build.0 = Debug|Any CPU
		{5E55A327-1784-452F-AF2B-9704074D6DCA}.Release|Any CPU.ActiveCfg = Release|Any CPU
		{5E55A327-1784-452F-AF2B-9704074D6DCA}.Release|Any CPU.Build.0 = Release|Any CPU
	EndGlobalSection
	GlobalSection(SolutionProperties) = preSolution
		HideSolutionNode = FALSE
	EndGlobalSection
	GlobalSection(ExtensibilityGlobals) = postSolution
		SolutionGuid = {4C0D1C62-FAB4-4F96-BB48-22A81E29C1CF}
	EndGlobalSection
EndGlobal
